
Microsoft Visual Studio Solution File, Format Version 12.00
# Visual Studio Version 17
VisualStudioVersion = 17.2.32616.157
MinimumVisualStudioVersion = 10.0.40219.1
Project("{9A19103F-16F7-4668-BE54-9A1E7A4F7556}") = "projeto", "projeto.csproj", "{77022496-0582-46C2-AF35-B8297102DD1B}"
EndProject
Global
	GlobalSection(SolutionConfigurationPlatforms) = preSolution
		Debug|Any CPU = Debug|Any CPU
		Release|Any CPU = Release|Any CPU
	EndGlobalSection
	GlobalSection(ProjectConfigurationPlatforms) = postSolution
		{77022496-0582-46C2-AF35-B8297102DD1B}.Debug|Any CPU.ActiveCfg = Debug|Any CPU
		{77022496-0582-46C2-AF35-B8297102DD1B}.Debug|Any CPU.Build.0 = Debug|Any CPU
		{77022496-0582-46C2-AF35-B8297102DD1B}.Release|Any CPU.ActiveCfg = Release|Any CPU
		{77022496-0582-46C2-AF35-B8297102DD1B}.Release|Any CPU.Build.0 = Release|Any CPU
	EndGlobalSection
	GlobalSection(SolutionProperties) = preSolution
		HideSolutionNode = FALSE
	EndGlobalSection
	GlobalSection(ExtensibilityGlobals) = postSolution
		SolutionGuid = {413333BB-2B96-4D54-A4A6-F69873C64929}
	EndGlobalSection
EndGlobal
